// !$*UTF8*$!
{
	archiveVersion = 1;
	classes = {
	};
	objectVersion = 50;
	objects = {

/* Begin PBXBuildFile section */
		D8CD787023D0E3DD00D226DE /* AppDelegate.swift in Sources */ = {isa = PBXBuildFile; fileRef = D8CD786F23D0E3DD00D226DE /* AppDelegate.swift */; };
		D8CD787223D0E3DD00D226DE /* SceneDelegate.swift in Sources */ = {isa = PBXBuildFile; fileRef = D8CD787123D0E3DD00D226DE /* SceneDelegate.swift */; };
		D8CD787423D0E3DD00D226DE /* ViewController.swift in Sources */ = {isa = PBXBuildFile; fileRef = D8CD787323D0E3DD00D226DE /* ViewController.swift */; };
		D8CD787723D0E3DD00D226DE /* Main.storyboard in Resources */ = {isa = PBXBuildFile; fileRef = D8CD787523D0E3DD00D226DE /* Main.storyboard */; };
		D8CD787923D0E3DE00D226DE /* Assets.xcassets in Resources */ = {isa = PBXBuildFile; fileRef = D8CD787823D0E3DE00D226DE /* Assets.xcassets */; };
		D8CD787C23D0E3DE00D226DE /* LaunchScreen.storyboard in Resources */ = {isa = PBXBuildFile; fileRef = D8CD787A23D0E3DE00D226DE /* LaunchScreen.storyboard */; };
		D8CD788723D0E3DE00D226DE /* My_AppTests.swift in Sources */ = {isa = PBXBuildFile; fileRef = D8CD788623D0E3DE00D226DE /* My_AppTests.swift */; };
		D8CD789223D0E3DE00D226DE /* My_AppUITests.swift in Sources */ = {isa = PBXBuildFile; fileRef = D8CD789123D0E3DE00D226DE /* My_AppUITests.swift */; };
/* End PBXBuildFile section */

/* Begin PBXContainerItemProxy section */
		D8CD788323D0E3DE00D226DE /* PBXContainerItemProxy */ = {
			isa = PBXContainerItemProxy;
			containerPortal = D8CD786423D0E3DD00D226DE /* Project object */;
			proxyType = 1;
			remoteGlobalIDString = D8CD786B23D0E3DD00D226DE;
			remoteInfo = "My App";
		};
		D8CD788E23D0E3DE00D226DE /* PBXContainerItemProxy */ = {
			isa = PBXContainerItemProxy;
			containerPortal = D8CD786423D0E3DD00D226DE /* Project object */;
			proxyType = 1;
			remoteGlobalIDString = D8CD786B23D0E3DD00D226DE;
			remoteInfo = "My App";
		};
/* End PBXContainerItemProxy section */

/* Begin PBXFileReference section */
		D8CD786C23D0E3DD00D226DE /* My App.app */ = {isa = PBXFileReference; explicitFileType = wrapper.application; includeInIndex = 0; path = "My App.app"; sourceTree = BUILT_PRODUCTS_DIR; };
		D8CD786F23D0E3DD00D226DE /* AppDelegate.swift */ = {isa = PBXFileReference; lastKnownFileType = sourcecode.swift; path = AppDelegate.swift; sourceTree = "<group>"; };
		D8CD787123D0E3DD00D226DE /* SceneDelegate.swift */ = {isa = PBXFileReference; lastKnownFileType = sourcecode.swift; path = SceneDelegate.swift; sourceTree = "<group>"; };
		D8CD787323D0E3DD00D226DE /* ViewController.swift */ = {isa = PBXFileReference; lastKnownFileType = sourcecode.swift; path = ViewController.swift; sourceTree = "<group>"; };
		D8CD787623D0E3DD00D226DE /* Base */ = {isa = PBXFileReference; lastKnownFileType = file.storyboard; name = Base; path = Base.lproj/Main.storyboard; sourceTree = "<group>"; };
		D8CD787823D0E3DE00D226DE /* Assets.xcassets */ = {isa = PBXFileReference; lastKnownFileType = folder.assetcatalog; path = Assets.xcassets; sourceTree = "<group>"; };
		D8CD787B23D0E3DE00D226DE /* Base */ = {isa = PBXFileReference; lastKnownFileType = file.storyboard; name = Base; path = Base.lproj/LaunchScreen.storyboard; sourceTree = "<group>"; };
		D8CD787D23D0E3DE00D226DE /* Info.plist */ = {isa = PBXFileReference; lastKnownFileType = text.plist.xml; path = Info.plist; sourceTree = "<group>"; };
		D8CD788223D0E3DE00D226DE /* My AppTests.xctest */ = {isa = PBXFileReference; explicitFileType = wrapper.cfbundle; includeInIndex = 0; path = "My AppTests.xctest"; sourceTree = BUILT_PRODUCTS_DIR; };
		D8CD788623D0E3DE00D226DE /* My_AppTests.swift */ = {isa = PBXFileReference; lastKnownFileType = sourcecode.swift; path = My_AppTests.swift; sourceTree = "<group>"; };
		D8CD788823D0E3DE00D226DE /* Info.plist */ = {isa = PBXFileReference; lastKnownFileType = text.plist.xml; path = Info.plist; sourceTree = "<group>"; };
		D8CD788D23D0E3DE00D226DE /* My AppUITests.xctest */ = {isa = PBXFileReference; explicitFileType = wrapper.cfbundle; includeInIndex = 0; path = "My AppUITests.xctest"; sourceTree = BUILT_PRODUCTS_DIR; };
		D8CD789123D0E3DE00D226DE /* My_AppUITests.swift */ = {isa = PBXFileReference; lastKnownFileType = sourcecode.swift; path = My_AppUITests.swift; sourceTree = "<group>"; };
		D8CD789323D0E3DE00D226DE /* Info.plist */ = {isa = PBXFileReference; lastKnownFileType = text.plist.xml; path = Info.plist; sourceTree = "<group>"; };
/* End PBXFileReference section */

/* Begin PBXFrameworksBuildPhase section */
		D8CD786923D0E3DD00D226DE /* Frameworks */ = {
			isa = PBXFrameworksBuildPhase;
			buildActionMask = 2147483647;
			files = (
			);
			runOnlyForDeploymentPostprocessing = 0;
		};
		D8CD787F23D0E3DE00D226DE /* Frameworks */ = {
			isa = PBXFrameworksBuildPhase;
			buildActionMask = 2147483647;
			files = (
			);
			runOnlyForDeploymentPostprocessing = 0;
		};
		D8CD788A23D0E3DE00D226DE /* Frameworks */ = {
			isa = PBXFrameworksBuildPhase;
			buildActionMask = 2147483647;
			files = (
			);
			runOnlyForDeploymentPostprocessing = 0;
		};
/* End PBXFrameworksBuildPhase section */

/* Begin PBXGroup section */
		D8CD786323D0E3DD00D226DE = {
			isa = PBXGroup;
			children = (
				D8CD786E23D0E3DD00D226DE /* My App */,
				D8CD788523D0E3DE00D226DE /* My AppTests */,
				D8CD789023D0E3DE00D226DE /* My AppUITests */,
				D8CD786D23D0E3DD00D226DE /* Products */,
			);
			sourceTree = "<group>";
		};
		D8CD786D23D0E3DD00D226DE /* Products */ = {
			isa = PBXGroup;
			children = (
				D8CD786C23D0E3DD00D226DE /* My App.app */,
				D8CD788223D0E3DE00D226DE /* My AppTests.xctest */,
				D8CD788D23D0E3DE00D226DE /* My AppUITests.xctest */,
			);
			name = Products;
			sourceTree = "<group>";
		};
		D8CD786E23D0E3DD00D226DE /* My App */ = {
			isa = PBXGroup;
			children = (
				D8CD786F23D0E3DD00D226DE /* AppDelegate.swift */,
				D8CD787123D0E3DD00D226DE /* SceneDelegate.swift */,
				D8CD787323D0E3DD00D226DE /* ViewController.swift */,
				D8CD787523D0E3DD00D226DE /* Main.storyboard */,
				D8CD787823D0E3DE00D226DE /* Assets.xcassets */,
				D8CD787A23D0E3DE00D226DE /* LaunchScreen.storyboard */,
				D8CD787D23D0E3DE00D226DE /* Info.plist */,
			);
			path = "My App";
			sourceTree = "<group>";
		};
		D8CD788523D0E3DE00D226DE /* My AppTests */ = {
			isa = PBXGroup;
			children = (
				D8CD788623D0E3DE00D226DE /* My_AppTests.swift */,
				D8CD788823D0E3DE00D226DE /* Info.plist */,
			);
			path = "My AppTests";
			sourceTree = "<group>";
		};
		D8CD789023D0E3DE00D226DE /* My AppUITests */ = {
			isa = PBXGroup;
			children = (
				D8CD789123D0E3DE00D226DE /* My_AppUITests.swift */,
				D8CD789323D0E3DE00D226DE /* Info.plist */,
			);
			path = "My AppUITests";
			sourceTree = "<group>";
		};
/* End PBXGroup section */

/* Begin PBXNativeTarget section */
		D8CD786B23D0E3DD00D226DE /* My App */ = {
			isa = PBXNativeTarget;
			buildConfigurationList = D8CD789623D0E3DE00D226DE /* Build configuration list for PBXNativeTarget "My App" */;
			buildPhases = (
				D8CD786823D0E3DD00D226DE /* Sources */,
				D8CD786923D0E3DD00D226DE /* Frameworks */,
				D8CD786A23D0E3DD00D226DE /* Resources */,
			);
			buildRules = (
			);
			dependencies = (
			);
			name = "My App";
			productName = "My App";
			productReference = D8CD786C23D0E3DD00D226DE /* My App.app */;
			productType = "com.apple.product-type.application";
		};
		D8CD788123D0E3DE00D226DE /* My AppTests */ = {
			isa = PBXNativeTarget;
			buildConfigurationList = D8CD789923D0E3DE00D226DE /* Build configuration list for PBXNativeTarget "My AppTests" */;
			buildPhases = (
				D8CD787E23D0E3DE00D226DE /* Sources */,
				D8CD787F23D0E3DE00D226DE /* Frameworks */,
				D8CD788023D0E3DE00D226DE /* Resources */,
			);
			buildRules = (
			);
			dependencies = (
				D8CD788423D0E3DE00D226DE /* PBXTargetDependency */,
			);
			name = "My AppTests";
			productName = "My AppTests";
			productReference = D8CD788223D0E3DE00D226DE /* My AppTests.xctest */;
			productType = "com.apple.product-type.bundle.unit-test";
		};
		D8CD788C23D0E3DE00D226DE /* My AppUITests */ = {
			isa = PBXNativeTarget;
			buildConfigurationList = D8CD789C23D0E3DE00D226DE /* Build configuration list for PBXNativeTarget "My AppUITests" */;
			buildPhases = (
				D8CD788923D0E3DE00D226DE /* Sources */,
				D8CD788A23D0E3DE00D226DE /* Frameworks */,
				D8CD788B23D0E3DE00D226DE /* Resources */,
			);
			buildRules = (
			);
			dependencies = (
				D8CD788F23D0E3DE00D226DE /* PBXTargetDependency */,
			);
			name = "My AppUITests";
			productName = "My AppUITests";
			productReference = D8CD788D23D0E3DE00D226DE /* My AppUITests.xctest */;
			productType = "com.apple.product-type.bundle.ui-testing";
		};
/* End PBXNativeTarget section */

/* Begin PBXProject section */
		D8CD786423D0E3DD00D226DE /* Project object */ = {
			isa = PBXProject;
			attributes = {
				LastSwiftUpdateCheck = 1130;
				LastUpgradeCheck = 1130;
				ORGANIZATIONNAME = "Ross Mika";
				TargetAttributes = {
					D8CD786B23D0E3DD00D226DE = {
						CreatedOnToolsVersion = 11.3.1;
					};
					D8CD788123D0E3DE00D226DE = {
						CreatedOnToolsVersion = 11.3.1;
						TestTargetID = D8CD786B23D0E3DD00D226DE;
					};
					D8CD788C23D0E3DE00D226DE = {
						CreatedOnToolsVersion = 11.3.1;
						TestTargetID = D8CD786B23D0E3DD00D226DE;
					};
				};
			};
			buildConfigurationList = D8CD786723D0E3DD00D226DE /* Build configuration list for PBXProject "My App" */;
			compatibilityVersion = "Xcode 9.3";
			developmentRegion = en;
			hasScannedForEncodings = 0;
			knownRegions = (
				en,
				Base,
			);
			mainGroup = D8CD786323D0E3DD00D226DE;
			productRefGroup = D8CD786D23D0E3DD00D226DE /* Products */;
			projectDirPath = "";
			projectRoot = "";
			targets = (
				D8CD786B23D0E3DD00D226DE /* My App */,
				D8CD788123D0E3DE00D226DE /* My AppTests */,
				D8CD788C23D0E3DE00D226DE /* My AppUITests */,
			);
		};
/* End PBXProject section */

/* Begin PBXResourcesBuildPhase section */
		D8CD786A23D0E3DD00D226DE /* Resources */ = {
			isa = PBXResourcesBuildPhase;
			buildActionMask = 2147483647;
			files = (
				D8CD787C23D0E3DE00D226DE /* LaunchScreen.storyboard in Resources */,
				D8CD787923D0E3DE00D226DE /* Assets.xcassets in Resources */,
				D8CD787723D0E3DD00D226DE /* Main.storyboard in Resources */,
			);
			runOnlyForDeploymentPostprocessing = 0;
		};
		D8CD788023D0E3DE00D226DE /* Resources */ = {
			isa = PBXResourcesBuildPhase;
			buildActionMask = 2147483647;
			files = (
			);
			runOnlyForDeploymentPostprocessing = 0;
		};
		D8CD788B23D0E3DE00D226DE /* Resources */ = {
			isa = PBXResourcesBuildPhase;
			buildActionMask = 2147483647;
			files = (
			);
			runOnlyForDeploymentPostprocessing = 0;
		};
/* End PBXResourcesBuildPhase section */

/* Begin PBXSourcesBuildPhase section */
		D8CD786823D0E3DD00D226DE /* Sources */ = {
			isa = PBXSourcesBuildPhase;
			buildActionMask = 2147483647;
			files = (
				D8CD787423D0E3DD00D226DE /* ViewController.swift in Sources */,
				D8CD787023D0E3DD00D226DE /* AppDelegate.swift in Sources */,
				D8CD787223D0E3DD00D226DE /* SceneDelegate.swift in Sources */,
			);
			runOnlyForDeploymentPostprocessing = 0;
		};
		D8CD787E23D0E3DE00D226DE /* Sources */ = {
			isa = PBXSourcesBuildPhase;
			buildActionMask = 2147483647;
			files = (
				D8CD788723D0E3DE00D226DE /* My_AppTests.swift in Sources */,
			);
			runOnlyForDeploymentPostprocessing = 0;
		};
		D8CD788923D0E3DE00D226DE /* Sources */ = {
			isa = PBXSourcesBuildPhase;
			buildActionMask = 2147483647;
			files = (
				D8CD789223D0E3DE00D226DE /* My_AppUITests.swift in Sources */,
			);
			runOnlyForDeploymentPostprocessing = 0;
		};
/* End PBXSourcesBuildPhase section */

/* Begin PBXTargetDependency section */
		D8CD788423D0E3DE00D226DE /* PBXTargetDependency */ = {
			isa = PBXTargetDependency;
			target = D8CD786B23D0E3DD00D226DE /* My App */;
			targetProxy = D8CD788323D0E3DE00D226DE /* PBXContainerItemProxy */;
		};
		D8CD788F23D0E3DE00D226DE /* PBXTargetDependency */ = {
			isa = PBXTargetDependency;
			target = D8CD786B23D0E3DD00D226DE /* My App */;
			targetProxy = D8CD788E23D0E3DE00D226DE /* PBXContainerItemProxy */;
		};
/* End PBXTargetDependency section */

/* Begin PBXVariantGroup section */
		D8CD787523D0E3DD00D226DE /* Main.storyboard */ = {
			isa = PBXVariantGroup;
			children = (
				D8CD787623D0E3DD00D226DE /* Base */,
			);
			name = Main.storyboard;
			sourceTree = "<group>";
		};
		D8CD787A23D0E3DE00D226DE /* LaunchScreen.storyboard */ = {
			isa = PBXVariantGroup;
			children = (
				D8CD787B23D0E3DE00D226DE /* Base */,
			);
			name = LaunchScreen.storyboard;
			sourceTree = "<group>";
		};
/* End PBXVariantGroup section */

/* Begin XCBuildConfiguration section */
		D8CD789423D0E3DE00D226DE /* Debug */ = {
			isa = XCBuildConfiguration;
			buildSettings = {
				ALWAYS_SEARCH_USER_PATHS = NO;
				CLANG_ANALYZER_NONNULL = YES;
				CLANG_ANALYZER_NUMBER_OBJECT_CONVERSION = YES_AGGRESSIVE;
				CLANG_CXX_LANGUAGE_STANDARD = "gnu++14";
				CLANG_CXX_LIBRARY = "libc++";
				CLANG_ENABLE_MODULES = YES;
				CLANG_ENABLE_OBJC_ARC = YES;
				CLANG_ENABLE_OBJC_WEAK = YES;
				CLANG_WARN_BLOCK_CAPTURE_AUTORELEASING = YES;
				CLANG_WARN_BOOL_CONVERSION = YES;
				CLANG_WARN_COMMA = YES;
				CLANG_WARN_CONSTANT_CONVERSION = YES;
				CLANG_WARN_DEPRECATED_OBJC_IMPLEMENTATIONS = YES;
				CLANG_WARN_DIRECT_OBJC_ISA_USAGE = YES_ERROR;
				CLANG_WARN_DOCUMENTATION_COMMENTS = YES;
				CLANG_WARN_EMPTY_BODY = YES;
				CLANG_WARN_ENUM_CONVERSION = YES;
				CLANG_WARN_INFINITE_RECURSION = YES;
				CLANG_WARN_INT_CONVERSION = YES;
				CLANG_WARN_NON_LITERAL_NULL_CONVERSION = YES;
				CLANG_WARN_OBJC_IMPLICIT_RETAIN_SELF = YES;
				CLANG_WARN_OBJC_LITERAL_CONVERSION = YES;
				CLANG_WARN_OBJC_ROOT_CLASS = YES_ERROR;
				CLANG_WARN_RANGE_LOOP_ANALYSIS = YES;
				CLANG_WARN_STRICT_PROTOTYPES = YES;
				CLANG_WARN_SUSPICIOUS_MOVE = YES;
				CLANG_WARN_UNGUARDED_AVAILABILITY = YES_AGGRESSIVE;
				CLANG_WARN_UNREACHABLE_CODE = YES;
				CLANG_WARN__DUPLICATE_METHOD_MATCH = YES;
				COPY_PHASE_STRIP = NO;
				DEBUG_INFORMATION_FORMAT = dwarf;
				ENABLE_STRICT_OBJC_MSGSEND = YES;
				ENABLE_TESTABILITY = YES;
				GCC_C_LANGUAGE_STANDARD = gnu11;
				GCC_DYNAMIC_NO_PIC = NO;
				GCC_NO_COMMON_BLOCKS = YES;
				GCC_OPTIMIZATION_LEVEL = 0;
				GCC_PREPROCESSOR_DEFINITIONS = (
					"DEBUG=1",
					"$(inherited)",
				);
				GCC_WARN_64_TO_32_BIT_CONVERSION = YES;
				GCC_WARN_ABOUT_RETURN_TYPE = YES_ERROR;
				GCC_WARN_UNDECLARED_SELECTOR = YES;
				GCC_WARN_UNINITIALIZED_AUTOS = YES_AGGRESSIVE;
				GCC_WARN_UNUSED_FUNCTION = YES;
				GCC_WARN_UNUSED_VARIABLE = YES;
				IPHONEOS_DEPLOYMENT_TARGET = 13.2;
				MTL_ENABLE_DEBUG_INFO = INCLUDE_SOURCE;
				MTL_FAST_MATH = YES;
				ONLY_ACTIVE_ARCH = YES;
				SDKROOT = iphoneos;
				SWIFT_ACTIVE_COMPILATION_CONDITIONS = DEBUG;
				SWIFT_OPTIMIZATION_LEVEL = "-Onone";
			};
			name = Debug;
		};
		D8CD789523D0E3DE00D226DE /* Release */ = {
			isa = XCBuildConfiguration;
			buildSettings = {
				ALWAYS_SEARCH_USER_PATHS = NO;
				CLANG_ANALYZER_NONNULL = YES;
				CLANG_ANALYZER_NUMBER_OBJECT_CONVERSION = YES_AGGRESSIVE;
				CLANG_CXX_LANGUAGE_STANDARD = "gnu++14";
				CLANG_CXX_LIBRARY = "libc++";
				CLANG_ENABLE_MODULES = YES;
				CLANG_ENABLE_OBJC_ARC = YES;
				CLANG_ENABLE_OBJC_WEAK = YES;
				CLANG_WARN_BLOCK_CAPTURE_AUTORELEASING = YES;
				CLANG_WARN_BOOL_CONVERSION = YES;
				CLANG_WARN_COMMA = YES;
				CLANG_WARN_CONSTANT_CONVERSION = YES;
				CLANG_WARN_DEPRECATED_OBJC_IMPLEMENTATIONS = YES;
				CLANG_WARN_DIRECT_OBJC_ISA_USAGE = YES_ERROR;
				CLANG_WARN_DOCUMENTATION_COMMENTS = YES;
				CLANG_WARN_EMPTY_BODY = YES;
				CLANG_WARN_ENUM_CONVERSION = YES;
				CLANG_WARN_INFINITE_RECURSION = YES;
				CLANG_WARN_INT_CONVERSION = YES;
				CLANG_WARN_NON_LITERAL_NULL_CONVERSION = YES;
				CLANG_WARN_OBJC_IMPLICIT_RETAIN_SELF = YES;
				CLANG_WARN_OBJC_LITERAL_CONVERSION = YES;
				CLANG_WARN_OBJC_ROOT_CLASS = YES_ERROR;
				CLANG_WARN_RANGE_LOOP_ANALYSIS = YES;
				CLANG_WARN_STRICT_PROTOTYPES = YES;
				CLANG_WARN_SUSPICIOUS_MOVE = YES;
				CLANG_WARN_UNGUARDED_AVAILABILITY = YES_AGGRESSIVE;
				CLANG_WARN_UNREACHABLE_CODE = YES;
				CLANG_WARN__DUPLICATE_METHOD_MATCH = YES;
				COPY_PHASE_STRIP = NO;
				DEBUG_INFORMATION_FORMAT = "dwarf-with-dsym";
				ENABLE_NS_ASSERTIONS = NO;
				ENABLE_STRICT_OBJC_MSGSEND = YES;
				GCC_C_LANGUAGE_STANDARD = gnu11;
				GCC_NO_COMMON_BLOCKS = YES;
				GCC_WARN_64_TO_32_BIT_CONVERSION = YES;
				GCC_WARN_ABOUT_RETURN_TYPE = YES_ERROR;
				GCC_WARN_UNDECLARED_SELECTOR = YES;
				GCC_WARN_UNINITIALIZED_AUTOS = YES_AGGRESSIVE;
				GCC_WARN_UNUSED_FUNCTION = YES;
				GCC_WARN_UNUSED_VARIABLE = YES;
				IPHONEOS_DEPLOYMENT_TARGET = 13.2;
				MTL_ENABLE_DEBUG_INFO = NO;
				MTL_FAST_MATH = YES;
				SDKROOT = iphoneos;
				SWIFT_COMPILATION_MODE = wholemodule;
				SWIFT_OPTIMIZATION_LEVEL = "-O";
				VALIDATE_PRODUCT = YES;
			};
			name = Release;
		};
		D8CD789723D0E3DE00D226DE /* Debug */ = {
			isa = XCBuildConfiguration;
			buildSettings = {
				ASSETCATALOG_COMPILER_APPICON_NAME = AppIcon;
				CODE_SIGN_STYLE = Automatic;
				INFOPLIST_FILE = "My App/Info.plist";
				LD_RUNPATH_SEARCH_PATHS = (
					"$(inherited)",
					"@executable_path/Frameworks",
				);
				PRODUCT_BUNDLE_IDENTIFIER = "com.My-App";
				PRODUCT_NAME = "$(TARGET_NAME)";
				SWIFT_VERSION = 5.0;
				TARGETED_DEVICE_FAMILY = "1,2";
			};
			name = Debug;
		};
		D8CD789823D0E3DE00D226DE /* Release */ = {
			isa = XCBuildConfiguration;
			buildSettings = {
				ASSETCATALOG_COMPILER_APPICON_NAME = AppIcon;
				CODE_SIGN_STYLE = Automatic;
				INFOPLIST_FILE = "My App/Info.plist";
				LD_RUNPATH_SEARCH_PATHS = (
					"$(inherited)",
					"@executable_path/Frameworks",
				);
				PRODUCT_BUNDLE_IDENTIFIER = "com.My-App";
				PRODUCT_NAME = "$(TARGET_NAME)";
				SWIFT_VERSION = 5.0;
				TARGETED_DEVICE_FAMILY = "1,2";
			};
			name = Release;
		};
		D8CD789A23D0E3DE00D226DE /* Debug */ = {
			isa = XCBuildConfiguration;
			buildSettings = {
				ALWAYS_EMBED_SWIFT_STANDARD_LIBRARIES = YES;
				BUNDLE_LOADER = "$(TEST_HOST)";
				CODE_SIGN_STYLE = Automatic;
				INFOPLIST_FILE = "My AppTests/Info.plist";
				IPHONEOS_DEPLOYMENT_TARGET = 13.2;
				LD_RUNPATH_SEARCH_PATHS = (
					"$(inherited)",
					"@executable_path/Frameworks",
					"@loader_path/Frameworks",
				);
				PRODUCT_BUNDLE_IDENTIFIER = "com.My-AppTests";
				PRODUCT_NAME = "$(TARGET_NAME)";
				SWIFT_VERSION = 5.0;
				TARGETED_DEVICE_FAMILY = "1,2";
				TEST_HOST = "$(BUILT_PRODUCTS_DIR)/My App.app/My App";
			};
			name = Debug;
		};
		D8CD789B23D0E3DE00D226DE /* Release */ = {
			isa = XCBuildConfiguration;
			buildSettings = {
				ALWAYS_EMBED_SWIFT_STANDARD_LIBRARIES = YES;
				BUNDLE_LOADER = "$(TEST_HOST)";
				CODE_SIGN_STYLE = Automatic;
				INFOPLIST_FILE = "My AppTests/Info.plist";
				IPHONEOS_DEPLOYMENT_TARGET = 13.2;
				LD_RUNPATH_SEARCH_PATHS = (
					"$(inherited)",
					"@executable_path/Frameworks",
					"@loader_path/Frameworks",
				);
				PRODUCT_BUNDLE_IDENTIFIER = "com.My-AppTests";
				PRODUCT_NAME = "$(TARGET_NAME)";
				SWIFT_VERSION = 5.0;
				TARGETED_DEVICE_FAMILY = "1,2";
				TEST_HOST = "$(BUILT_PRODUCTS_DIR)/My App.app/My App";
			};
			name = Release;
		};
		D8CD789D23D0E3DE00D226DE /* Debug */ = {
			isa = XCBuildConfiguration;
			buildSettings = {
				ALWAYS_EMBED_SWIFT_STANDARD_LIBRARIES = YES;
				CODE_SIGN_STYLE = Automatic;
				INFOPLIST_FILE = "My AppUITests/Info.plist";
				LD_RUNPATH_SEARCH_PATHS = (
					"$(inherited)",
					"@executable_path/Frameworks",
					"@loader_path/Frameworks",
				);
				PRODUCT_BUNDLE_IDENTIFIER = "com.My-AppUITests";
				PRODUCT_NAME = "$(TARGET_NAME)";
				SWIFT_VERSION = 5.0;
				TARGETED_DEVICE_FAMILY = "1,2";
				TEST_TARGET_NAME = "My App";
			};
			name = Debug;
		};
		D8CD789E23D0E3DE00D226DE /* Release */ = {
			isa = XCBuildConfiguration;
			buildSettings = {
				ALWAYS_EMBED_SWIFT_STANDARD_LIBRARIES = YES;
				CODE_SIGN_STYLE = Automatic;
				INFOPLIST_FILE = "My AppUITests/Info.plist";
				LD_RUNPATH_SEARCH_PATHS = (
					"$(inherited)",
					"@executable_path/Frameworks",
					"@loader_path/Frameworks",
				);
				PRODUCT_BUNDLE_IDENTIFIER = "com.My-AppUITests";
				PRODUCT_NAME = "$(TARGET_NAME)";
				SWIFT_VERSION = 5.0;
				TARGETED_DEVICE_FAMILY = "1,2";
				TEST_TARGET_NAME = "My App";
			};
			name = Release;
		};
/* End XCBuildConfiguration section */

/* Begin XCConfigurationList section */
		D8CD786723D0E3DD00D226DE /* Build configuration list for PBXProject "My App" */ = {
			isa = XCConfigurationList;
			buildConfigurations = (
				D8CD789423D0E3DE00D226DE /* Debug */,
				D8CD789523D0E3DE00D226DE /* Release */,
			);
			defaultConfigurationIsVisible = 0;
			defaultConfigurationName = Release;
		};
		D8CD789623D0E3DE00D226DE /* Build configuration list for PBXNativeTarget "My App" */ = {
			isa = XCConfigurationList;
			buildConfigurations = (
				D8CD789723D0E3DE00D226DE /* Debug */,
				D8CD789823D0E3DE00D226DE /* Release */,
			);
			defaultConfigurationIsVisible = 0;
			defaultConfigurationName = Release;
		};
		D8CD789923D0E3DE00D226DE /* Build configuration list for PBXNativeTarget "My AppTests" */ = {
			isa = XCConfigurationList;
			buildConfigurations = (
				D8CD789A23D0E3DE00D226DE /* Debug */,
				D8CD789B23D0E3DE00D226DE /* Release */,
			);
			defaultConfigurationIsVisible = 0;
			defaultConfigurationName = Release;
		};
		D8CD789C23D0E3DE00D226DE /* Build configuration list for PBXNativeTarget "My AppUITests" */ = {
			isa = XCConfigurationList;
			buildConfigurations = (
				D8CD789D23D0E3DE00D226DE /* Debug */,
				D8CD789E23D0E3DE00D226DE /* Release */,
			);
			defaultConfigurationIsVisible = 0;
			defaultConfigurationName = Release;
		};
/* End XCConfigurationList section */
	};
	rootObject = D8CD786423D0E3DD00D226DE /* Project object */;
}
